
Microsoft Visual Studio Solution File, Format Version 12.00
# Visual Studio 2012
Project("{FAE04EC0-301F-11D3-BF4B-00C04F79EFBC}") = "Modul02", "Modul02\Modul02.csproj", "{5244DEA7-5230-4827-B5C1-C1F6E6B776F3}"
EndProject
Project("{FAE04EC0-301F-11D3-BF4B-00C04F79EFBC}") = "ReadFromCommandLine", "ReadFromCommandLine\ReadFromCommandLine.csproj", "{D2CFE119-7022-4B89-BE5B-1A72ACAEC662}"
EndProject
Global
	GlobalSection(SolutionConfigurationPlatforms) = preSolution
		Debug|x86 = Debug|x86
		Release|x86 = Release|x86
	EndGlobalSection
	GlobalSection(ProjectConfigurationPlatforms) = postSolution
		{5244DEA7-5230-4827-B5C1-C1F6E6B776F3}.Debug|x86.ActiveCfg = Debug|x86
		{5244DEA7-5230-4827-B5C1-C1F6E6B776F3}.Debug|x86.Build.0 = Debug|x86
		{5244DEA7-5230-4827-B5C1-C1F6E6B776F3}.Release|x86.ActiveCfg = Release|x86
		{5244DEA7-5230-4827-B5C1-C1F6E6B776F3}.Release|x86.Build.0 = Release|x86
		{D2CFE119-7022-4B89-BE5B-1A72ACAEC662}.Debug|x86.ActiveCfg = Debug|x86
		{D2CFE119-7022-4B89-BE5B-1A72ACAEC662}.Debug|x86.Build.0 = Debug|x86
		{D2CFE119-7022-4B89-BE5B-1A72ACAEC662}.Release|x86.ActiveCfg = Release|x86
		{D2CFE119-7022-4B89-BE5B-1A72ACAEC662}.Release|x86.Build.0 = Release|x86
	EndGlobalSection
EndGlobal
